// !$*UTF8*$!
{
	archiveVersion = 1;
	classes = {
	};
	objectVersion = 46;
	objects = {

/* Begin PBXBuildFile section */
		CB75BABB1CD0C34B00663431 /* main.m in Sources */ = {isa = PBXBuildFile; fileRef = CB75BABA1CD0C34B00663431 /* main.m */; };
		CB75BABE1CD0C34B00663431 /* AppDelegate.m in Sources */ = {isa = PBXBuildFile; fileRef = CB75BABD1CD0C34B00663431 /* AppDelegate.m */; };
		CB75BAC11CD0C34B00663431 /* ViewController.m in Sources */ = {isa = PBXBuildFile; fileRef = CB75BAC01CD0C34B00663431 /* ViewController.m */; };
		CB75BAC41CD0C34B00663431 /* Main.storyboard in Resources */ = {isa = PBXBuildFile; fileRef = CB75BAC21CD0C34B00663431 /* Main.storyboard */; };
		CB75BAC61CD0C34B00663431 /* Assets.xcassets in Resources */ = {isa = PBXBuildFile; fileRef = CB75BAC51CD0C34B00663431 /* Assets.xcassets */; };
		CB75BAC91CD0C34B00663431 /* LaunchScreen.storyboard in Resources */ = {isa = PBXBuildFile; fileRef = CB75BAC71CD0C34B00663431 /* LaunchScreen.storyboard */; };
		CB75BAD41CD0C34B00663431 /* CodilityTests.m in Sources */ = {isa = PBXBuildFile; fileRef = CB75BAD31CD0C34B00663431 /* CodilityTests.m */; };
		CB75BADF1CD0C34B00663431 /* CodilityUITests.m in Sources */ = {isa = PBXBuildFile; fileRef = CB75BADE1CD0C34B00663431 /* CodilityUITests.m */; };
		CB75BAFD1CD0CA6A00663431 /* BinaryGap.m in Sources */ = {isa = PBXBuildFile; fileRef = CB75BAFA1CD0CA6A00663431 /* BinaryGap.m */; };
		CB75BB001CD0D22E00663431 /* CyclicRotation.m in Sources */ = {isa = PBXBuildFile; fileRef = CB75BAFF1CD0D22E00663431 /* CyclicRotation.m */; };
		CB75BB021CD0D60200663431 /* CyclicRotation.m in Sources */ = {isa = PBXBuildFile; fileRef = CB75BAFF1CD0D22E00663431 /* CyclicRotation.m */; };
		CB75BB0F1CD0E01600663431 /* OddOccurrencesInArray.m in Sources */ = {isa = PBXBuildFile; fileRef = CB75BB0E1CD0E01600663431 /* OddOccurrencesInArray.m */; };
		CB75BB231CD114FB00663431 /* FrogJmp.docx in Resources */ = {isa = PBXBuildFile; fileRef = CB75BB221CD114FB00663431 /* FrogJmp.docx */; };
		CB75BB261CD1151F00663431 /* FrogJmp.m in Sources */ = {isa = PBXBuildFile; fileRef = CB75BB251CD1151F00663431 /* FrogJmp.m */; };
		CB75BB2D1CD1462B00663431 /* TapeEquilibrium.m in Sources */ = {isa = PBXBuildFile; fileRef = CB75BB2C1CD1462B00663431 /* TapeEquilibrium.m */; };
		CB75BB311CD14C3300663431 /* PermMissingElem.m in Sources */ = {isa = PBXBuildFile; fileRef = CB75BB301CD14C3300663431 /* PermMissingElem.m */; };
		CB75BB341CD1504500663431 /* FrogRiverOne.docx in Resources */ = {isa = PBXBuildFile; fileRef = CB75BB331CD1504500663431 /* FrogRiverOne.docx */; };
		CB75BB371CD1507900663431 /* FrogRiverOne.m in Sources */ = {isa = PBXBuildFile; fileRef = CB75BB361CD1507900663431 /* FrogRiverOne.m */; };
		CB75BB3B1CD157D800663431 /* PermCheck.m in Sources */ = {isa = PBXBuildFile; fileRef = CB75BB3A1CD157D800663431 /* PermCheck.m */; };
		CB75BB3F1CD15D8D00663431 /* MissingInteger.m in Sources */ = {isa = PBXBuildFile; fileRef = CB75BB3E1CD15D8D00663431 /* MissingInteger.m */; };
		CB75BB431CD2198300663431 /* MaxCounters.m in Sources */ = {isa = PBXBuildFile; fileRef = CB75BB421CD2198300663431 /* MaxCounters.m */; };
		CB75BB4B1CD25CF700663431 /* MaxSliceSum.docx in Resources */ = {isa = PBXBuildFile; fileRef = CB75BB4A1CD25CF700663431 /* MaxSliceSum.docx */; };
		CB75BB4E1CD25D1700663431 /* MaxSliceSum.m in Sources */ = {isa = PBXBuildFile; fileRef = CB75BB4D1CD25D1700663431 /* MaxSliceSum.m */; };
		CB75BB521CD38F7500663431 /* Utopian Tree.docx in Resources */ = {isa = PBXBuildFile; fileRef = CB75BB511CD38F7500663431 /* Utopian Tree.docx */; };
		CB75BB551CD38F8F00663431 /* UtopianTree.m in Sources */ = {isa = PBXBuildFile; fileRef = CB75BB541CD38F8F00663431 /* UtopianTree.m */; };
/* End PBXBuildFile section */

/* Begin PBXContainerItemProxy section */
		CB75BAD01CD0C34B00663431 /* PBXContainerItemProxy */ = {
			isa = PBXContainerItemProxy;
			containerPortal = CB75BAAE1CD0C34B00663431 /* Project object */;
			proxyType = 1;
			remoteGlobalIDString = CB75BAB51CD0C34B00663431;
			remoteInfo = Codility;
		};
		CB75BADB1CD0C34B00663431 /* PBXContainerItemProxy */ = {
			isa = PBXContainerItemProxy;
			containerPortal = CB75BAAE1CD0C34B00663431 /* Project object */;
			proxyType = 1;
			remoteGlobalIDString = CB75BAB51CD0C34B00663431;
			remoteInfo = Codility;
		};
/* End PBXContainerItemProxy section */

/* Begin PBXFileReference section */
		CB75BAB61CD0C34B00663431 /* Codility.app */ = {isa = PBXFileReference; explicitFileType = wrapper.application; includeInIndex = 0; path = Codility.app; sourceTree = BUILT_PRODUCTS_DIR; };
		CB75BABA1CD0C34B00663431 /* main.m */ = {isa = PBXFileReference; lastKnownFileType = sourcecode.c.objc; path = main.m; sourceTree = "<group>"; };
		CB75BABC1CD0C34B00663431 /* AppDelegate.h */ = {isa = PBXFileReference; lastKnownFileType = sourcecode.c.h; path = AppDelegate.h; sourceTree = "<group>"; };
		CB75BABD1CD0C34B00663431 /* AppDelegate.m */ = {isa = PBXFileReference; lastKnownFileType = sourcecode.c.objc; path = AppDelegate.m; sourceTree = "<group>"; };
		CB75BABF1CD0C34B00663431 /* ViewController.h */ = {isa = PBXFileReference; lastKnownFileType = sourcecode.c.h; path = ViewController.h; sourceTree = "<group>"; };
		CB75BAC01CD0C34B00663431 /* ViewController.m */ = {isa = PBXFileReference; lastKnownFileType = sourcecode.c.objc; path = ViewController.m; sourceTree = "<group>"; };
		CB75BAC31CD0C34B00663431 /* Base */ = {isa = PBXFileReference; lastKnownFileType = file.storyboard; name = Base; path = Base.lproj/Main.storyboard; sourceTree = "<group>"; };
		CB75BAC51CD0C34B00663431 /* Assets.xcassets */ = {isa = PBXFileReference; lastKnownFileType = folder.assetcatalog; path = Assets.xcassets; sourceTree = "<group>"; };
		CB75BAC81CD0C34B00663431 /* Base */ = {isa = PBXFileReference; lastKnownFileType = file.storyboard; name = Base; path = Base.lproj/LaunchScreen.storyboard; sourceTree = "<group>"; };
		CB75BACA1CD0C34B00663431 /* Info.plist */ = {isa = PBXFileReference; lastKnownFileType = text.plist.xml; path = Info.plist; sourceTree = "<group>"; };
		CB75BACF1CD0C34B00663431 /* CodilityTests.xctest */ = {isa = PBXFileReference; explicitFileType = wrapper.cfbundle; includeInIndex = 0; path = CodilityTests.xctest; sourceTree = BUILT_PRODUCTS_DIR; };
		CB75BAD31CD0C34B00663431 /* CodilityTests.m */ = {isa = PBXFileReference; lastKnownFileType = sourcecode.c.objc; path = CodilityTests.m; sourceTree = "<group>"; };
		CB75BAD51CD0C34B00663431 /* Info.plist */ = {isa = PBXFileReference; lastKnownFileType = text.plist.xml; path = Info.plist; sourceTree = "<group>"; };
		CB75BADA1CD0C34B00663431 /* CodilityUITests.xctest */ = {isa = PBXFileReference; explicitFileType = wrapper.cfbundle; includeInIndex = 0; path = CodilityUITests.xctest; sourceTree = BUILT_PRODUCTS_DIR; };
		CB75BADE1CD0C34B00663431 /* CodilityUITests.m */ = {isa = PBXFileReference; lastKnownFileType = sourcecode.c.objc; path = CodilityUITests.m; sourceTree = "<group>"; };
		CB75BAE01CD0C34B00663431 /* Info.plist */ = {isa = PBXFileReference; lastKnownFileType = text.plist.xml; path = Info.plist; sourceTree = "<group>"; };
		CB75BAF81CD0CA6A00663431 /* BinaryGap Description.docx */ = {isa = PBXFileReference; lastKnownFileType = file; path = "BinaryGap Description.docx"; sourceTree = "<group>"; };
		CB75BAF91CD0CA6A00663431 /* BinaryGap.h */ = {isa = PBXFileReference; fileEncoding = 4; lastKnownFileType = sourcecode.c.h; path = BinaryGap.h; sourceTree = "<group>"; };
		CB75BAFA1CD0CA6A00663431 /* BinaryGap.m */ = {isa = PBXFileReference; fileEncoding = 4; lastKnownFileType = sourcecode.c.objc; path = BinaryGap.m; sourceTree = "<group>"; };
		CB75BAFE1CD0D22E00663431 /* CyclicRotation.h */ = {isa = PBXFileReference; fileEncoding = 4; lastKnownFileType = sourcecode.c.h; path = CyclicRotation.h; sourceTree = "<group>"; };
		CB75BAFF1CD0D22E00663431 /* CyclicRotation.m */ = {isa = PBXFileReference; fileEncoding = 4; lastKnownFileType = sourcecode.c.objc; path = CyclicRotation.m; sourceTree = "<group>"; };
		CB75BB011CD0D28A00663431 /* CyclicRotation.docx */ = {isa = PBXFileReference; lastKnownFileType = file; path = CyclicRotation.docx; sourceTree = "<group>"; };
		CB75BB0C1CD0E00800663431 /* OddOccurrencesInArray.docx */ = {isa = PBXFileReference; lastKnownFileType = file; path = OddOccurrencesInArray.docx; sourceTree = "<group>"; };
		CB75BB0D1CD0E01600663431 /* OddOccurrencesInArray.h */ = {isa = PBXFileReference; fileEncoding = 4; lastKnownFileType = sourcecode.c.h; path = OddOccurrencesInArray.h; sourceTree = "<group>"; };
		CB75BB0E1CD0E01600663431 /* OddOccurrencesInArray.m */ = {isa = PBXFileReference; fileEncoding = 4; lastKnownFileType = sourcecode.c.objc; path = OddOccurrencesInArray.m; sourceTree = "<group>"; };
		CB75BB221CD114FB00663431 /* FrogJmp.docx */ = {isa = PBXFileReference; lastKnownFileType = file; path = FrogJmp.docx; sourceTree = "<group>"; };
		CB75BB241CD1151F00663431 /* FrogJmp.h */ = {isa = PBXFileReference; fileEncoding = 4; lastKnownFileType = sourcecode.c.h; path = FrogJmp.h; sourceTree = "<group>"; };
		CB75BB251CD1151F00663431 /* FrogJmp.m */ = {isa = PBXFileReference; fileEncoding = 4; lastKnownFileType = sourcecode.c.objc; path = FrogJmp.m; sourceTree = "<group>"; };
		CB75BB271CD1441B00663431 /* TapeEquilibrium.docx */ = {isa = PBXFileReference; lastKnownFileType = file; name = TapeEquilibrium.docx; path = "Codility/Tasks/Lesson_3-TimeComplexity/TapeEquilibrium.docx"; sourceTree = SOURCE_ROOT; };
		CB75BB2B1CD1462B00663431 /* TapeEquilibrium.h */ = {isa = PBXFileReference; fileEncoding = 4; lastKnownFileType = sourcecode.c.h; path = TapeEquilibrium.h; sourceTree = "<group>"; };
		CB75BB2C1CD1462B00663431 /* TapeEquilibrium.m */ = {isa = PBXFileReference; fileEncoding = 4; lastKnownFileType = sourcecode.c.objc; path = TapeEquilibrium.m; sourceTree = "<group>"; };
		CB75BB2E1CD14C2100663431 /* PermMissingElem.docx */ = {isa = PBXFileReference; lastKnownFileType = file; path = PermMissingElem.docx; sourceTree = "<group>"; };
		CB75BB2F1CD14C3300663431 /* PermMissingElem.h */ = {isa = PBXFileReference; fileEncoding = 4; lastKnownFileType = sourcecode.c.h; path = PermMissingElem.h; sourceTree = "<group>"; };
		CB75BB301CD14C3300663431 /* PermMissingElem.m */ = {isa = PBXFileReference; fileEncoding = 4; lastKnownFileType = sourcecode.c.objc; path = PermMissingElem.m; sourceTree = "<group>"; };
		CB75BB331CD1504500663431 /* FrogRiverOne.docx */ = {isa = PBXFileReference; lastKnownFileType = file; path = FrogRiverOne.docx; sourceTree = "<group>"; };
		CB75BB351CD1507900663431 /* FrogRiverOne.h */ = {isa = PBXFileReference; fileEncoding = 4; lastKnownFileType = sourcecode.c.h; path = FrogRiverOne.h; sourceTree = "<group>"; };
		CB75BB361CD1507900663431 /* FrogRiverOne.m */ = {isa = PBXFileReference; fileEncoding = 4; lastKnownFileType = sourcecode.c.objc; path = FrogRiverOne.m; sourceTree = "<group>"; };
		CB75BB381CD157CA00663431 /* PermCheck.docx */ = {isa = PBXFileReference; lastKnownFileType = file; path = PermCheck.docx; sourceTree = "<group>"; };
		CB75BB391CD157D800663431 /* PermCheck.h */ = {isa = PBXFileReference; fileEncoding = 4; lastKnownFileType = sourcecode.c.h; path = PermCheck.h; sourceTree = "<group>"; };
		CB75BB3A1CD157D800663431 /* PermCheck.m */ = {isa = PBXFileReference; fileEncoding = 4; lastKnownFileType = sourcecode.c.objc; path = PermCheck.m; sourceTree = "<group>"; };
		CB75BB3C1CD15D7A00663431 /* MissingInteger.docx */ = {isa = PBXFileReference; lastKnownFileType = file; path = MissingInteger.docx; sourceTree = "<group>"; };
		CB75BB3D1CD15D8D00663431 /* MissingInteger.h */ = {isa = PBXFileReference; fileEncoding = 4; lastKnownFileType = sourcecode.c.h; path = MissingInteger.h; sourceTree = "<group>"; };
		CB75BB3E1CD15D8D00663431 /* MissingInteger.m */ = {isa = PBXFileReference; fileEncoding = 4; lastKnownFileType = sourcecode.c.objc; path = MissingInteger.m; sourceTree = "<group>"; };
		CB75BB401CD2197600663431 /* MaxCounters.docx */ = {isa = PBXFileReference; lastKnownFileType = file; path = MaxCounters.docx; sourceTree = "<group>"; };
		CB75BB411CD2198300663431 /* MaxCounters.h */ = {isa = PBXFileReference; fileEncoding = 4; lastKnownFileType = sourcecode.c.h; path = MaxCounters.h; sourceTree = "<group>"; };
		CB75BB421CD2198300663431 /* MaxCounters.m */ = {isa = PBXFileReference; fileEncoding = 4; lastKnownFileType = sourcecode.c.objc; path = MaxCounters.m; sourceTree = "<group>"; };
		CB75BB4A1CD25CF700663431 /* MaxSliceSum.docx */ = {isa = PBXFileReference; lastKnownFileType = file; path = MaxSliceSum.docx; sourceTree = "<group>"; };
		CB75BB4C1CD25D1700663431 /* MaxSliceSum.h */ = {isa = PBXFileReference; fileEncoding = 4; lastKnownFileType = sourcecode.c.h; path = MaxSliceSum.h; sourceTree = "<group>"; };
		CB75BB4D1CD25D1700663431 /* MaxSliceSum.m */ = {isa = PBXFileReference; fileEncoding = 4; lastKnownFileType = sourcecode.c.objc; path = MaxSliceSum.m; sourceTree = "<group>"; };
		CB75BB511CD38F7500663431 /* Utopian Tree.docx */ = {isa = PBXFileReference; lastKnownFileType = file; path = "Utopian Tree.docx"; sourceTree = "<group>"; };
		CB75BB531CD38F8F00663431 /* UtopianTree.h */ = {isa = PBXFileReference; fileEncoding = 4; lastKnownFileType = sourcecode.c.h; path = UtopianTree.h; sourceTree = "<group>"; };
		CB75BB541CD38F8F00663431 /* UtopianTree.m */ = {isa = PBXFileReference; fileEncoding = 4; lastKnownFileType = sourcecode.c.objc; path = UtopianTree.m; sourceTree = "<group>"; };
/* End PBXFileReference section */

/* Begin PBXFrameworksBuildPhase section */
		CB75BAB31CD0C34B00663431 /* Frameworks */ = {
			isa = PBXFrameworksBuildPhase;
			buildActionMask = 2147483647;
			files = (
			);
			runOnlyForDeploymentPostprocessing = 0;
		};
		CB75BACC1CD0C34B00663431 /* Frameworks */ = {
			isa = PBXFrameworksBuildPhase;
			buildActionMask = 2147483647;
			files = (
			);
			runOnlyForDeploymentPostprocessing = 0;
		};
		CB75BAD71CD0C34B00663431 /* Frameworks */ = {
			isa = PBXFrameworksBuildPhase;
			buildActionMask = 2147483647;
			files = (
			);
			runOnlyForDeploymentPostprocessing = 0;
		};
/* End PBXFrameworksBuildPhase section */

/* Begin PBXGroup section */
		CB75BAAD1CD0C34B00663431 = {
			isa = PBXGroup;
			children = (
				CB75BAB81CD0C34B00663431 /* Codility */,
				CB75BAD21CD0C34B00663431 /* CodilityTests */,
				CB75BADD1CD0C34B00663431 /* CodilityUITests */,
				CB75BAB71CD0C34B00663431 /* Products */,
			);
			sourceTree = "<group>";
		};
		CB75BAB71CD0C34B00663431 /* Products */ = {
			isa = PBXGroup;
			children = (
				CB75BAB61CD0C34B00663431 /* Codility.app */,
				CB75BACF1CD0C34B00663431 /* CodilityTests.xctest */,
				CB75BADA1CD0C34B00663431 /* CodilityUITests.xctest */,
			);
			name = Products;
			sourceTree = "<group>";
		};
		CB75BAB81CD0C34B00663431 /* Codility */ = {
			isa = PBXGroup;
			children = (
				CB75BABC1CD0C34B00663431 /* AppDelegate.h */,
				CB75BABD1CD0C34B00663431 /* AppDelegate.m */,
				CB75BABF1CD0C34B00663431 /* ViewController.h */,
				CB75BAC01CD0C34B00663431 /* ViewController.m */,
				CB75BAC21CD0C34B00663431 /* Main.storyboard */,
				CB75BAC51CD0C34B00663431 /* Assets.xcassets */,
				CB75BAC71CD0C34B00663431 /* LaunchScreen.storyboard */,
				CB75BACA1CD0C34B00663431 /* Info.plist */,
				CB75BAB91CD0C34B00663431 /* Supporting Files */,
				CB75BAEF1CD0C39F00663431 /* Tasks */,
				CB75BB501CD38F7500663431 /* HackerRank */,
			);
			path = Codility;
			sourceTree = "<group>";
		};
		CB75BAB91CD0C34B00663431 /* Supporting Files */ = {
			isa = PBXGroup;
			children = (
				CB75BABA1CD0C34B00663431 /* main.m */,
			);
			name = "Supporting Files";
			sourceTree = "<group>";
		};
		CB75BAD21CD0C34B00663431 /* CodilityTests */ = {
			isa = PBXGroup;
			children = (
				CB75BAD31CD0C34B00663431 /* CodilityTests.m */,
				CB75BAD51CD0C34B00663431 /* Info.plist */,
			);
			path = CodilityTests;
			sourceTree = "<group>";
		};
		CB75BADD1CD0C34B00663431 /* CodilityUITests */ = {
			isa = PBXGroup;
			children = (
				CB75BADE1CD0C34B00663431 /* CodilityUITests.m */,
				CB75BAE01CD0C34B00663431 /* Info.plist */,
			);
			path = CodilityUITests;
			sourceTree = "<group>";
		};
		CB75BAEF1CD0C39F00663431 /* Tasks */ = {
			isa = PBXGroup;
			children = (
				CB75BAF71CD0CA6A00663431 /* Lesson_1-Iterations */,
				CB75BAFB1CD0CA6A00663431 /* Lesson_2-Arrays */,
				CB75BB211CD114FB00663431 /* Lesson_3-TimeComplexity */,
				CB75BB321CD1504500663431 /* Lesson_4-CountingElements */,
				CB75BB491CD25CF700663431 /* Lesson_9-MaxSliceProblem */,
			);
			name = Tasks;
			sourceTree = "<group>";
		};
		CB75BAF71CD0CA6A00663431 /* Lesson_1-Iterations */ = {
			isa = PBXGroup;
			children = (
				CB75BAF81CD0CA6A00663431 /* BinaryGap Description.docx */,
				CB75BAF91CD0CA6A00663431 /* BinaryGap.h */,
				CB75BAFA1CD0CA6A00663431 /* BinaryGap.m */,
			);
			name = "Lesson_1-Iterations";
			path = "Tasks/Lesson_1-Iterations";
			sourceTree = "<group>";
		};
		CB75BAFB1CD0CA6A00663431 /* Lesson_2-Arrays */ = {
			isa = PBXGroup;
			children = (
				CB75BB011CD0D28A00663431 /* CyclicRotation.docx */,
				CB75BAFE1CD0D22E00663431 /* CyclicRotation.h */,
				CB75BAFF1CD0D22E00663431 /* CyclicRotation.m */,
				CB75BB0C1CD0E00800663431 /* OddOccurrencesInArray.docx */,
				CB75BB0D1CD0E01600663431 /* OddOccurrencesInArray.h */,
				CB75BB0E1CD0E01600663431 /* OddOccurrencesInArray.m */,
			);
			name = "Lesson_2-Arrays";
			path = "Tasks/Lesson_2-Arrays";
			sourceTree = "<group>";
		};
		CB75BB211CD114FB00663431 /* Lesson_3-TimeComplexity */ = {
			isa = PBXGroup;
			children = (
				CB75BB221CD114FB00663431 /* FrogJmp.docx */,
				CB75BB241CD1151F00663431 /* FrogJmp.h */,
				CB75BB251CD1151F00663431 /* FrogJmp.m */,
				CB75BB271CD1441B00663431 /* TapeEquilibrium.docx */,
				CB75BB2B1CD1462B00663431 /* TapeEquilibrium.h */,
				CB75BB2C1CD1462B00663431 /* TapeEquilibrium.m */,
				CB75BB2E1CD14C2100663431 /* PermMissingElem.docx */,
				CB75BB2F1CD14C3300663431 /* PermMissingElem.h */,
				CB75BB301CD14C3300663431 /* PermMissingElem.m */,
			);
			name = "Lesson_3-TimeComplexity";
			path = "Codility/Tasks/Lesson_3-TimeComplexity";
			sourceTree = SOURCE_ROOT;
		};
		CB75BB321CD1504500663431 /* Lesson_4-CountingElements */ = {
			isa = PBXGroup;
			children = (
				CB75BB331CD1504500663431 /* FrogRiverOne.docx */,
				CB75BB351CD1507900663431 /* FrogRiverOne.h */,
				CB75BB361CD1507900663431 /* FrogRiverOne.m */,
				CB75BB381CD157CA00663431 /* PermCheck.docx */,
				CB75BB391CD157D800663431 /* PermCheck.h */,
				CB75BB3A1CD157D800663431 /* PermCheck.m */,
				CB75BB3C1CD15D7A00663431 /* MissingInteger.docx */,
				CB75BB3D1CD15D8D00663431 /* MissingInteger.h */,
				CB75BB3E1CD15D8D00663431 /* MissingInteger.m */,
				CB75BB401CD2197600663431 /* MaxCounters.docx */,
				CB75BB411CD2198300663431 /* MaxCounters.h */,
				CB75BB421CD2198300663431 /* MaxCounters.m */,
			);
			name = "Lesson_4-CountingElements";
			path = "Tasks/Lesson_4-CountingElements";
			sourceTree = "<group>";
		};
		CB75BB491CD25CF700663431 /* Lesson_9-MaxSliceProblem */ = {
			isa = PBXGroup;
			children = (
				CB75BB4A1CD25CF700663431 /* MaxSliceSum.docx */,
				CB75BB4C1CD25D1700663431 /* MaxSliceSum.h */,
				CB75BB4D1CD25D1700663431 /* MaxSliceSum.m */,
			);
			name = "Lesson_9-MaxSliceProblem";
			path = "Tasks/Lesson_9-MaxSliceProblem";
			sourceTree = "<group>";
		};
		CB75BB501CD38F7500663431 /* HackerRank */ = {
			isa = PBXGroup;
			children = (
				CB75BB511CD38F7500663431 /* Utopian Tree.docx */,
				CB75BB531CD38F8F00663431 /* UtopianTree.h */,
				CB75BB541CD38F8F00663431 /* UtopianTree.m */,
			);
			path = HackerRank;
			sourceTree = "<group>";
		};
/* End PBXGroup section */

/* Begin PBXNativeTarget section */
		CB75BAB51CD0C34B00663431 /* Codility */ = {
			isa = PBXNativeTarget;
			buildConfigurationList = CB75BAE31CD0C34B00663431 /* Build configuration list for PBXNativeTarget "Codility" */;
			buildPhases = (
				CB75BAB21CD0C34B00663431 /* Sources */,
				CB75BAB31CD0C34B00663431 /* Frameworks */,
				CB75BAB41CD0C34B00663431 /* Resources */,
			);
			buildRules = (
			);
			dependencies = (
			);
			name = Codility;
			productName = Codility;
			productReference = CB75BAB61CD0C34B00663431 /* Codility.app */;
			productType = "com.apple.product-type.application";
		};
		CB75BACE1CD0C34B00663431 /* CodilityTests */ = {
			isa = PBXNativeTarget;
			buildConfigurationList = CB75BAE61CD0C34B00663431 /* Build configuration list for PBXNativeTarget "CodilityTests" */;
			buildPhases = (
				CB75BACB1CD0C34B00663431 /* Sources */,
				CB75BACC1CD0C34B00663431 /* Frameworks */,
				CB75BACD1CD0C34B00663431 /* Resources */,
			);
			buildRules = (
			);
			dependencies = (
				CB75BAD11CD0C34B00663431 /* PBXTargetDependency */,
			);
			name = CodilityTests;
			productName = CodilityTests;
			productReference = CB75BACF1CD0C34B00663431 /* CodilityTests.xctest */;
			productType = "com.apple.product-type.bundle.unit-test";
		};
		CB75BAD91CD0C34B00663431 /* CodilityUITests */ = {
			isa = PBXNativeTarget;
			buildConfigurationList = CB75BAE91CD0C34B00663431 /* Build configuration list for PBXNativeTarget "CodilityUITests" */;
			buildPhases = (
				CB75BAD61CD0C34B00663431 /* Sources */,
				CB75BAD71CD0C34B00663431 /* Frameworks */,
				CB75BAD81CD0C34B00663431 /* Resources */,
			);
			buildRules = (
			);
			dependencies = (
				CB75BADC1CD0C34B00663431 /* PBXTargetDependency */,
			);
			name = CodilityUITests;
			productName = CodilityUITests;
			productReference = CB75BADA1CD0C34B00663431 /* CodilityUITests.xctest */;
			productType = "com.apple.product-type.bundle.ui-testing";
		};
/* End PBXNativeTarget section */

/* Begin PBXProject section */
		CB75BAAE1CD0C34B00663431 /* Project object */ = {
			isa = PBXProject;
			attributes = {
				LastUpgradeCheck = 0730;
				ORGANIZATIONNAME = "Yury Ramanchuk";
				TargetAttributes = {
					CB75BAB51CD0C34B00663431 = {
						CreatedOnToolsVersion = 7.3;
					};
					CB75BACE1CD0C34B00663431 = {
						CreatedOnToolsVersion = 7.3;
						TestTargetID = CB75BAB51CD0C34B00663431;
					};
					CB75BAD91CD0C34B00663431 = {
						CreatedOnToolsVersion = 7.3;
						TestTargetID = CB75BAB51CD0C34B00663431;
					};
				};
			};
			buildConfigurationList = CB75BAB11CD0C34B00663431 /* Build configuration list for PBXProject "Codility" */;
			compatibilityVersion = "Xcode 3.2";
			developmentRegion = English;
			hasScannedForEncodings = 0;
			knownRegions = (
				en,
				Base,
			);
			mainGroup = CB75BAAD1CD0C34B00663431;
			productRefGroup = CB75BAB71CD0C34B00663431 /* Products */;
			projectDirPath = "";
			projectRoot = "";
			targets = (
				CB75BAB51CD0C34B00663431 /* Codility */,
				CB75BACE1CD0C34B00663431 /* CodilityTests */,
				CB75BAD91CD0C34B00663431 /* CodilityUITests */,
			);
		};
/* End PBXProject section */

/* Begin PBXResourcesBuildPhase section */
		CB75BAB41CD0C34B00663431 /* Resources */ = {
			isa = PBXResourcesBuildPhase;
			buildActionMask = 2147483647;
			files = (
				CB75BAC91CD0C34B00663431 /* LaunchScreen.storyboard in Resources */,
				CB75BB521CD38F7500663431 /* Utopian Tree.docx in Resources */,
				CB75BB231CD114FB00663431 /* FrogJmp.docx in Resources */,
				CB75BAC61CD0C34B00663431 /* Assets.xcassets in Resources */,
				CB75BB4B1CD25CF700663431 /* MaxSliceSum.docx in Resources */,
				CB75BAC41CD0C34B00663431 /* Main.storyboard in Resources */,
				CB75BB341CD1504500663431 /* FrogRiverOne.docx in Resources */,
			);
			runOnlyForDeploymentPostprocessing = 0;
		};
		CB75BACD1CD0C34B00663431 /* Resources */ = {
			isa = PBXResourcesBuildPhase;
			buildActionMask = 2147483647;
			files = (
			);
			runOnlyForDeploymentPostprocessing = 0;
		};
		CB75BAD81CD0C34B00663431 /* Resources */ = {
			isa = PBXResourcesBuildPhase;
			buildActionMask = 2147483647;
			files = (
			);
			runOnlyForDeploymentPostprocessing = 0;
		};
/* End PBXResourcesBuildPhase section */

/* Begin PBXSourcesBuildPhase section */
		CB75BAB21CD0C34B00663431 /* Sources */ = {
			isa = PBXSourcesBuildPhase;
			buildActionMask = 2147483647;
			files = (
				CB75BB431CD2198300663431 /* MaxCounters.m in Sources */,
				CB75BB261CD1151F00663431 /* FrogJmp.m in Sources */,
				CB75BAC11CD0C34B00663431 /* ViewController.m in Sources */,
				CB75BABE1CD0C34B00663431 /* AppDelegate.m in Sources */,
				CB75BABB1CD0C34B00663431 /* main.m in Sources */,
				CB75BAFD1CD0CA6A00663431 /* BinaryGap.m in Sources */,
				CB75BB311CD14C3300663431 /* PermMissingElem.m in Sources */,
				CB75BB001CD0D22E00663431 /* CyclicRotation.m in Sources */,
				CB75BB3F1CD15D8D00663431 /* MissingInteger.m in Sources */,
				CB75BB4E1CD25D1700663431 /* MaxSliceSum.m in Sources */,
				CB75BB371CD1507900663431 /* FrogRiverOne.m in Sources */,
				CB75BB3B1CD157D800663431 /* PermCheck.m in Sources */,
				CB75BB2D1CD1462B00663431 /* TapeEquilibrium.m in Sources */,
				CB75BB551CD38F8F00663431 /* UtopianTree.m in Sources */,
				CB75BB0F1CD0E01600663431 /* OddOccurrencesInArray.m in Sources */,
			);
			runOnlyForDeploymentPostprocessing = 0;
		};
		CB75BACB1CD0C34B00663431 /* Sources */ = {
			isa = PBXSourcesBuildPhase;
			buildActionMask = 2147483647;
			files = (
				CB75BB021CD0D60200663431 /* CyclicRotation.m in Sources */,
				CB75BAD41CD0C34B00663431 /* CodilityTests.m in Sources */,
			);
			runOnlyForDeploymentPostprocessing = 0;
		};
		CB75BAD61CD0C34B00663431 /* Sources */ = {
			isa = PBXSourcesBuildPhase;
			buildActionMask = 2147483647;
			files = (
				CB75BADF1CD0C34B00663431 /* CodilityUITests.m in Sources */,
			);
			runOnlyForDeploymentPostprocessing = 0;
		};
/* End PBXSourcesBuildPhase section */

/* Begin PBXTargetDependency section */
		CB75BAD11CD0C34B00663431 /* PBXTargetDependency */ = {
			isa = PBXTargetDependency;
			target = CB75BAB51CD0C34B00663431 /* Codility */;
			targetProxy = CB75BAD01CD0C34B00663431 /* PBXContainerItemProxy */;
		};
		CB75BADC1CD0C34B00663431 /* PBXTargetDependency */ = {
			isa = PBXTargetDependency;
			target = CB75BAB51CD0C34B00663431 /* Codility */;
			targetProxy = CB75BADB1CD0C34B00663431 /* PBXContainerItemProxy */;
		};
/* End PBXTargetDependency section */

/* Begin PBXVariantGroup section */
		CB75BAC21CD0C34B00663431 /* Main.storyboard */ = {
			isa = PBXVariantGroup;
			children = (
				CB75BAC31CD0C34B00663431 /* Base */,
			);
			name = Main.storyboard;
			sourceTree = "<group>";
		};
		CB75BAC71CD0C34B00663431 /* LaunchScreen.storyboard */ = {
			isa = PBXVariantGroup;
			children = (
				CB75BAC81CD0C34B00663431 /* Base */,
			);
			name = LaunchScreen.storyboard;
			sourceTree = "<group>";
		};
/* End PBXVariantGroup section */

/* Begin XCBuildConfiguration section */
		CB75BAE11CD0C34B00663431 /* Debug */ = {
			isa = XCBuildConfiguration;
			buildSettings = {
				ALWAYS_SEARCH_USER_PATHS = NO;
				CLANG_ANALYZER_NONNULL = YES;
				CLANG_CXX_LANGUAGE_STANDARD = "gnu++0x";
				CLANG_CXX_LIBRARY = "libc++";
				CLANG_ENABLE_MODULES = YES;
				CLANG_ENABLE_OBJC_ARC = YES;
				CLANG_WARN_BOOL_CONVERSION = YES;
				CLANG_WARN_CONSTANT_CONVERSION = YES;
				CLANG_WARN_DIRECT_OBJC_ISA_USAGE = YES_ERROR;
				CLANG_WARN_EMPTY_BODY = YES;
				CLANG_WARN_ENUM_CONVERSION = YES;
				CLANG_WARN_INT_CONVERSION = YES;
				CLANG_WARN_OBJC_ROOT_CLASS = YES_ERROR;
				CLANG_WARN_UNREACHABLE_CODE = YES;
				CLANG_WARN__DUPLICATE_METHOD_MATCH = YES;
				"CODE_SIGN_IDENTITY[sdk=iphoneos*]" = "iPhone Developer";
				COPY_PHASE_STRIP = NO;
				DEBUG_INFORMATION_FORMAT = dwarf;
				ENABLE_STRICT_OBJC_MSGSEND = YES;
				ENABLE_TESTABILITY = YES;
				GCC_C_LANGUAGE_STANDARD = gnu99;
				GCC_DYNAMIC_NO_PIC = NO;
				GCC_NO_COMMON_BLOCKS = YES;
				GCC_OPTIMIZATION_LEVEL = 0;
				GCC_PREPROCESSOR_DEFINITIONS = (
					"DEBUG=1",
					"$(inherited)",
				);
				GCC_WARN_64_TO_32_BIT_CONVERSION = YES;
				GCC_WARN_ABOUT_RETURN_TYPE = YES_ERROR;
				GCC_WARN_UNDECLARED_SELECTOR = YES;
				GCC_WARN_UNINITIALIZED_AUTOS = YES_AGGRESSIVE;
				GCC_WARN_UNUSED_FUNCTION = YES;
				GCC_WARN_UNUSED_VARIABLE = YES;
				IPHONEOS_DEPLOYMENT_TARGET = 9.3;
				MTL_ENABLE_DEBUG_INFO = YES;
				ONLY_ACTIVE_ARCH = YES;
				SDKROOT = iphoneos;
				TARGETED_DEVICE_FAMILY = "1,2";
			};
			name = Debug;
		};
		CB75BAE21CD0C34B00663431 /* Release */ = {
			isa = XCBuildConfiguration;
			buildSettings = {
				ALWAYS_SEARCH_USER_PATHS = NO;
				CLANG_ANALYZER_NONNULL = YES;
				CLANG_CXX_LANGUAGE_STANDARD = "gnu++0x";
				CLANG_CXX_LIBRARY = "libc++";
				CLANG_ENABLE_MODULES = YES;
				CLANG_ENABLE_OBJC_ARC = YES;
				CLANG_WARN_BOOL_CONVERSION = YES;
				CLANG_WARN_CONSTANT_CONVERSION = YES;
				CLANG_WARN_DIRECT_OBJC_ISA_USAGE = YES_ERROR;
				CLANG_WARN_EMPTY_BODY = YES;
				CLANG_WARN_ENUM_CONVERSION = YES;
				CLANG_WARN_INT_CONVERSION = YES;
				CLANG_WARN_OBJC_ROOT_CLASS = YES_ERROR;
				CLANG_WARN_UNREACHABLE_CODE = YES;
				CLANG_WARN__DUPLICATE_METHOD_MATCH = YES;
				"CODE_SIGN_IDENTITY[sdk=iphoneos*]" = "iPhone Developer";
				COPY_PHASE_STRIP = NO;
				DEBUG_INFORMATION_FORMAT = "dwarf-with-dsym";
				ENABLE_NS_ASSERTIONS = NO;
				ENABLE_STRICT_OBJC_MSGSEND = YES;
				GCC_C_LANGUAGE_STANDARD = gnu99;
				GCC_NO_COMMON_BLOCKS = YES;
				GCC_WARN_64_TO_32_BIT_CONVERSION = YES;
				GCC_WARN_ABOUT_RETURN_TYPE = YES_ERROR;
				GCC_WARN_UNDECLARED_SELECTOR = YES;
				GCC_WARN_UNINITIALIZED_AUTOS = YES_AGGRESSIVE;
				GCC_WARN_UNUSED_FUNCTION = YES;
				GCC_WARN_UNUSED_VARIABLE = YES;
				IPHONEOS_DEPLOYMENT_TARGET = 9.3;
				MTL_ENABLE_DEBUG_INFO = NO;
				SDKROOT = iphoneos;
				TARGETED_DEVICE_FAMILY = "1,2";
				VALIDATE_PRODUCT = YES;
			};
			name = Release;
		};
		CB75BAE41CD0C34B00663431 /* Debug */ = {
			isa = XCBuildConfiguration;
			buildSettings = {
				ASSETCATALOG_COMPILER_APPICON_NAME = AppIcon;
				INFOPLIST_FILE = Codility/Info.plist;
				LD_RUNPATH_SEARCH_PATHS = "$(inherited) @executable_path/Frameworks";
				PRODUCT_BUNDLE_IDENTIFIER = com.ramanchuk.Codility;
				PRODUCT_NAME = "$(TARGET_NAME)";
			};
			name = Debug;
		};
		CB75BAE51CD0C34B00663431 /* Release */ = {
			isa = XCBuildConfiguration;
			buildSettings = {
				ASSETCATALOG_COMPILER_APPICON_NAME = AppIcon;
				INFOPLIST_FILE = Codility/Info.plist;
				LD_RUNPATH_SEARCH_PATHS = "$(inherited) @executable_path/Frameworks";
				PRODUCT_BUNDLE_IDENTIFIER = com.ramanchuk.Codility;
				PRODUCT_NAME = "$(TARGET_NAME)";
			};
			name = Release;
		};
		CB75BAE71CD0C34B00663431 /* Debug */ = {
			isa = XCBuildConfiguration;
			buildSettings = {
				BUNDLE_LOADER = "$(TEST_HOST)";
				INFOPLIST_FILE = CodilityTests/Info.plist;
				LD_RUNPATH_SEARCH_PATHS = "$(inherited) @executable_path/Frameworks @loader_path/Frameworks";
				PRODUCT_BUNDLE_IDENTIFIER = com.ramanchuk.CodilityTests;
				PRODUCT_NAME = "$(TARGET_NAME)";
				TEST_HOST = "$(BUILT_PRODUCTS_DIR)/Codility.app/Codility";
			};
			name = Debug;
		};
		CB75BAE81CD0C34B00663431 /* Release */ = {
			isa = XCBuildConfiguration;
			buildSettings = {
				BUNDLE_LOADER = "$(TEST_HOST)";
				INFOPLIST_FILE = CodilityTests/Info.plist;
				LD_RUNPATH_SEARCH_PATHS = "$(inherited) @executable_path/Frameworks @loader_path/Frameworks";
				PRODUCT_BUNDLE_IDENTIFIER = com.ramanchuk.CodilityTests;
				PRODUCT_NAME = "$(TARGET_NAME)";
				TEST_HOST = "$(BUILT_PRODUCTS_DIR)/Codility.app/Codility";
			};
			name = Release;
		};
		CB75BAEA1CD0C34B00663431 /* Debug */ = {
			isa = XCBuildConfiguration;
			buildSettings = {
				INFOPLIST_FILE = CodilityUITests/Info.plist;
				LD_RUNPATH_SEARCH_PATHS = "$(inherited) @executable_path/Frameworks @loader_path/Frameworks";
				PRODUCT_BUNDLE_IDENTIFIER = com.ramanchuk.CodilityUITests;
				PRODUCT_NAME = "$(TARGET_NAME)";
				TEST_TARGET_NAME = Codility;
			};
			name = Debug;
		};
		CB75BAEB1CD0C34B00663431 /* Release */ = {
			isa = XCBuildConfiguration;
			buildSettings = {
				INFOPLIST_FILE = CodilityUITests/Info.plist;
				LD_RUNPATH_SEARCH_PATHS = "$(inherited) @executable_path/Frameworks @loader_path/Frameworks";
				PRODUCT_BUNDLE_IDENTIFIER = com.ramanchuk.CodilityUITests;
				PRODUCT_NAME = "$(TARGET_NAME)";
				TEST_TARGET_NAME = Codility;
			};
			name = Release;
		};
/* End XCBuildConfiguration section */

/* Begin XCConfigurationList section */
		CB75BAB11CD0C34B00663431 /* Build configuration list for PBXProject "Codility" */ = {
			isa = XCConfigurationList;
			buildConfigurations = (
				CB75BAE11CD0C34B00663431 /* Debug */,
				CB75BAE21CD0C34B00663431 /* Release */,
			);
			defaultConfigurationIsVisible = 0;
			defaultConfigurationName = Release;
		};
		CB75BAE31CD0C34B00663431 /* Build configuration list for PBXNativeTarget "Codility" */ = {
			isa = XCConfigurationList;
			buildConfigurations = (
				CB75BAE41CD0C34B00663431 /* Debug */,
				CB75BAE51CD0C34B00663431 /* Release */,
			);
			defaultConfigurationIsVisible = 0;
			defaultConfigurationName = Release;
		};
		CB75BAE61CD0C34B00663431 /* Build configuration list for PBXNativeTarget "CodilityTests" */ = {
			isa = XCConfigurationList;
			buildConfigurations = (
				CB75BAE71CD0C34B00663431 /* Debug */,
				CB75BAE81CD0C34B00663431 /* Release */,
			);
			defaultConfigurationIsVisible = 0;
			defaultConfigurationName = Release;
		};
		CB75BAE91CD0C34B00663431 /* Build configuration list for PBXNativeTarget "CodilityUITests" */ = {
			isa = XCConfigurationList;
			buildConfigurations = (
				CB75BAEA1CD0C34B00663431 /* Debug */,
				CB75BAEB1CD0C34B00663431 /* Release */,
			);
			defaultConfigurationIsVisible = 0;
			defaultConfigurationName = Release;
		};
/* End XCConfigurationList section */
	};
	rootObject = CB75BAAE1CD0C34B00663431 /* Project object */;
}
